
Microsoft Visual Studio Solution File, Format Version 12.00
# Visual Studio 15
VisualStudioVersion = 15.0.26730.16
MinimumVisualStudioVersion = 10.0.40219.1
Project("{2150E333-8FDC-42A3-9474-1A3956D46DE8}") = "sdk", "sdk", "{6EDAD350-9F1A-4C85-B130-E5295DC2F9E1}"
EndProject
Project("{2150E333-8FDC-42A3-9474-1A3956D46DE8}") = "WinApp", "WinApp", "{63206A7C-B0C2-4EB7-8C4B-DBC357A17272}"
EndProject
Project("{2150E333-8FDC-42A3-9474-1A3956D46DE8}") = "WebApp", "WebApp", "{587FDBB4-BFC1-46BF-ADE7-952D4AF35424}"
EndProject
Project("{2150E333-8FDC-42A3-9474-1A3956D46DE8}") = "Demo", "Demo", "{38DDD108-FACA-4D27-A050-49E1B2C93B09}"
EndProject
Project("{2150E333-8FDC-42A3-9474-1A3956D46DE8}") = "ComActivex", "ComActivex", "{1EB92A08-4B83-4F53-AE0A-739CB2B1E233}"
EndProject
Project("{2150E333-8FDC-42A3-9474-1A3956D46DE8}") = "Test", "Test", "{49EA5636-8E3D-47A6-9550-AC6135737BEE}"
EndProject
Project("{2150E333-8FDC-42A3-9474-1A3956D46DE8}") = "Nkit", "Nkit", "{A1AAF59B-FD07-4C92-9C71-280788438082}"
EndProject
Project("{2150E333-8FDC-42A3-9474-1A3956D46DE8}") = "TcpIp", "TcpIp", "{0F2BF32B-63BB-4AEF-9CEE-9E1DE4DA898E}"
EndProject
Project("{2150E333-8FDC-42A3-9474-1A3956D46DE8}") = "MQ", "MQ", "{AE51D438-B324-42D3-9FC3-6CA7A480C94B}"
EndProject
Project("{2150E333-8FDC-42A3-9474-1A3956D46DE8}") = "Udp", "Udp", "{3FEE3E52-3D71-4530-BBA5-FCFDC772A8E8}"
EndProject
Project("{FAE04EC0-301F-11D3-BF4B-00C04F79EFBC}") = "MyCom", "Demo\ComActivex\MyCom\MyCom.csproj", "{DCA04CEE-ED64-4D03-B41A-8BCD3ACB4C2F}"
EndProject
Project("{FAE04EC0-301F-11D3-BF4B-00C04F79EFBC}") = "ComActivex", "Demo\ComActivex\ComActivex\ComActivex.csproj", "{BC2933F2-BD96-4F3D-A21B-332711BA0506}"
EndProject
Project("{FAE04EC0-301F-11D3-BF4B-00C04F79EFBC}") = "CvtApp", "WinApp\CvtApp\CvtApp.csproj", "{2331B10C-ACD0-4A8C-B800-EFF15157CDC4}"
EndProject
Project("{FAE04EC0-301F-11D3-BF4B-00C04F79EFBC}") = "SerialDebug", "WinApp\SerialDebug\SerialDebug.csproj", "{742B25BC-869E-46FB-8AA9-2C7D72E5B540}"
EndProject
Project("{FAE04EC0-301F-11D3-BF4B-00C04F79EFBC}") = "Nkit", "Nkit\Nkit\Nkit.csproj", "{BA2D545B-E8C9-4844-87BB-7DA133AB500F}"
EndProject
Project("{FAE04EC0-301F-11D3-BF4B-00C04F79EFBC}") = "MoveWin", "WinApp\MoveWin\MoveWin.csproj", "{623FDF8A-B678-42BB-961A-7B3944464ED1}"
EndProject
Project("{FAE04EC0-301F-11D3-BF4B-00C04F79EFBC}") = "MyServer", "Demo\TcpIp\MyServer\MyServer.csproj", "{7181847C-B997-45A5-9D0D-239127FBB875}"
EndProject
Project("{FAE04EC0-301F-11D3-BF4B-00C04F79EFBC}") = "MyClient", "Demo\TcpIp\MyClient\MyClient.csproj", "{CA72AA01-078A-4250-B213-3190E18FA5E3}"
EndProject
Project("{FAE04EC0-301F-11D3-BF4B-00C04F79EFBC}") = "ConsoleApp", "Test\ConsoleApp\ConsoleApp.csproj", "{A90BA30A-4070-4E5A-A015-D8523227DC4F}"
EndProject
Project("{FAE04EC0-301F-11D3-BF4B-00C04F79EFBC}") = "UdpMonitor", "Demo\Udp\UdpMonitor\UdpMonitor.csproj", "{3DE25503-BB9F-4F17-A3FE-67CD4AD32DB4}"
EndProject
Project("{FAE04EC0-301F-11D3-BF4B-00C04F79EFBC}") = "UdpClientTest", "Demo\Udp\UdpClientTest\UdpClientTest.csproj", "{4557246A-550C-42C5-B8FF-CEAE682AEFFA}"
EndProject
Project("{FAE04EC0-301F-11D3-BF4B-00C04F79EFBC}") = "WinServ", "Demo\WinServ\WinServ.csproj", "{AD1C2777-130E-484B-8D45-C68520AE6A00}"
EndProject
Project("{FAE04EC0-301F-11D3-BF4B-00C04F79EFBC}") = "Nkit.Web", "Nkit\Nkit.Web\Nkit.Web.csproj", "{E1EF472B-8CF0-4C37-A8E4-1B59D80D6C00}"
EndProject
Project("{FAE04EC0-301F-11D3-BF4B-00C04F79EFBC}") = "Nkit.Redis", "Nkit\Nkit.Redis\Nkit.Redis.csproj", "{3AA221BF-FA1B-4CB2-956C-D886FD37BB0D}"
EndProject
Project("{FAE04EC0-301F-11D3-BF4B-00C04F79EFBC}") = "QuartzDemo", "Demo\QuartzDemo\QuartzDemo.csproj", "{8A0AADA0-4505-47CB-963B-452CACA3CAB7}"
EndProject
Project("{FAE04EC0-301F-11D3-BF4B-00C04F79EFBC}") = "Nkit.Job", "Nkit\Nkit.Job\Nkit.Job.csproj", "{87E1C43A-E714-4FDF-8F37-DED4D2C1CDB7}"
EndProject
Project("{FAE04EC0-301F-11D3-BF4B-00C04F79EFBC}") = "NetAssist", "WinApp\NetAssist\NetAssist.csproj", "{7339F941-5E68-4E9F-9477-7D6C6D4D1D70}"
EndProject
Project("{FAE04EC0-301F-11D3-BF4B-00C04F79EFBC}") = "EnCrypt", "WinApp\EnCrypt\EnCrypt.csproj", "{54351B3D-932D-4E4D-BDD1-CF6E277DD6BD}"
EndProject
Project("{2150E333-8FDC-42A3-9474-1A3956D46DE8}") = "NoSql", "NoSql", "{510AA11F-5E91-4AB2-B9ED-AE2FB556C67C}"
EndProject
Project("{FAE04EC0-301F-11D3-BF4B-00C04F79EFBC}") = "MsmqDemo", "Demo\MQ\MsmqDemo\MsmqDemo.csproj", "{4B961032-D6DB-491E-A4D2-C7FF520B3487}"
EndProject
Project("{FAE04EC0-301F-11D3-BF4B-00C04F79EFBC}") = "RedisApp", "Demo\NoSql\RedisApp\RedisApp.csproj", "{E9A372F5-7234-4B69-9237-EB3EF739D35A}"
EndProject
Project("{FAE04EC0-301F-11D3-BF4B-00C04F79EFBC}") = "RabbitMQDemo", "Demo\MQ\RabbitMQDemo\RabbitMQDemo.csproj", "{03ADAD38-3239-45BC-ABAB-E142FB076404}"
EndProject
Project("{FAE04EC0-301F-11D3-BF4B-00C04F79EFBC}") = "QueueDemo", "Demo\QueueDemo\QueueDemo.csproj", "{71BD024F-03BA-489D-AD29-FE3C9DFA14E6}"
EndProject
Project("{2150E333-8FDC-42A3-9474-1A3956D46DE8}") = "Db", "Db", "{68248E67-227B-4D88-B183-A91057E234CC}"
EndProject
Project("{FAE04EC0-301F-11D3-BF4B-00C04F79EFBC}") = "Ado", "Nkit\Nkit.Db\Ado\Ado.csproj", "{4997E1FA-F2F5-4247-9FF8-77DBEE63097F}"
EndProject
Project("{FAE04EC0-301F-11D3-BF4B-00C04F79EFBC}") = "Nkit.RabbitMq", "Nkit\Nkit.RabbitMQ\Nkit.RabbitMq.csproj", "{46CC9337-930F-4BDE-9EB6-B665CB0D8AC9}"
EndProject
Project("{FAE04EC0-301F-11D3-BF4B-00C04F79EFBC}") = "TempDemo", "Demo\TempDemo\TempDemo.csproj", "{ADB4809E-800D-4DAF-AEA6-1C800F939D77}"
EndProject
Project("{FAE04EC0-301F-11D3-BF4B-00C04F79EFBC}") = "Lottery", "WinApp\Lottery\Lottery.csproj", "{BFC85FDC-C861-4877-94D2-EFF0C25AA71E}"
EndProject
Project("{FAE04EC0-301F-11D3-BF4B-00C04F79EFBC}") = "WpfDemo", "Demo\WpfDemo\WpfDemo.csproj", "{7D7FE3AD-0D75-4BEE-8B43-CE35AAB64EB5}"
EndProject
Project("{FAE04EC0-301F-11D3-BF4B-00C04F79EFBC}") = "FormatType", "WinApp\FormatType\FormatType.csproj", "{13F98A4D-845F-4DC3-B1C1-4C02369DC655}"
EndProject
Project("{FAE04EC0-301F-11D3-BF4B-00C04F79EFBC}") = "ConnectCheckApp", "Demo\ConnectCheckApp\ConnectCheckApp.csproj", "{023F2D09-A0E3-49F0-8CFB-FC88BBACAFC1}"
EndProject
Global
	GlobalSection(SolutionConfigurationPlatforms) = preSolution
		Debug|Any CPU = Debug|Any CPU
		Debug|x86 = Debug|x86
		Release|Any CPU = Release|Any CPU
		Release|x86 = Release|x86
	EndGlobalSection
	GlobalSection(ProjectConfigurationPlatforms) = postSolution
		{DCA04CEE-ED64-4D03-B41A-8BCD3ACB4C2F}.Debug|Any CPU.ActiveCfg = Debug|Any CPU
		{DCA04CEE-ED64-4D03-B41A-8BCD3ACB4C2F}.Debug|Any CPU.Build.0 = Debug|Any CPU
		{DCA04CEE-ED64-4D03-B41A-8BCD3ACB4C2F}.Debug|x86.ActiveCfg = Debug|Any CPU
		{DCA04CEE-ED64-4D03-B41A-8BCD3ACB4C2F}.Debug|x86.Build.0 = Debug|Any CPU
		{DCA04CEE-ED64-4D03-B41A-8BCD3ACB4C2F}.Release|Any CPU.ActiveCfg = Release|Any CPU
		{DCA04CEE-ED64-4D03-B41A-8BCD3ACB4C2F}.Release|Any CPU.Build.0 = Release|Any CPU
		{DCA04CEE-ED64-4D03-B41A-8BCD3ACB4C2F}.Release|x86.ActiveCfg = Release|Any CPU
		{DCA04CEE-ED64-4D03-B41A-8BCD3ACB4C2F}.Release|x86.Build.0 = Release|Any CPU
		{BC2933F2-BD96-4F3D-A21B-332711BA0506}.Debug|Any CPU.ActiveCfg = Debug|Any CPU
		{BC2933F2-BD96-4F3D-A21B-332711BA0506}.Debug|Any CPU.Build.0 = Debug|Any CPU
		{BC2933F2-BD96-4F3D-A21B-332711BA0506}.Debug|x86.ActiveCfg = Debug|Any CPU
		{BC2933F2-BD96-4F3D-A21B-332711BA0506}.Debug|x86.Build.0 = Debug|Any CPU
		{BC2933F2-BD96-4F3D-A21B-332711BA0506}.Release|Any CPU.ActiveCfg = Release|Any CPU
		{BC2933F2-BD96-4F3D-A21B-332711BA0506}.Release|Any CPU.Build.0 = Release|Any CPU
		{BC2933F2-BD96-4F3D-A21B-332711BA0506}.Release|x86.ActiveCfg = Release|Any CPU
		{BC2933F2-BD96-4F3D-A21B-332711BA0506}.Release|x86.Build.0 = Release|Any CPU
		{2331B10C-ACD0-4A8C-B800-EFF15157CDC4}.Debug|Any CPU.ActiveCfg = Debug|Any CPU
		{2331B10C-ACD0-4A8C-B800-EFF15157CDC4}.Debug|Any CPU.Build.0 = Debug|Any CPU
		{2331B10C-ACD0-4A8C-B800-EFF15157CDC4}.Debug|x86.ActiveCfg = Debug|Any CPU
		{2331B10C-ACD0-4A8C-B800-EFF15157CDC4}.Debug|x86.Build.0 = Debug|Any CPU
		{2331B10C-ACD0-4A8C-B800-EFF15157CDC4}.Release|Any CPU.ActiveCfg = Release|Any CPU
		{2331B10C-ACD0-4A8C-B800-EFF15157CDC4}.Release|Any CPU.Build.0 = Release|Any CPU
		{2331B10C-ACD0-4A8C-B800-EFF15157CDC4}.Release|x86.ActiveCfg = Release|Any CPU
		{2331B10C-ACD0-4A8C-B800-EFF15157CDC4}.Release|x86.Build.0 = Release|Any CPU
		{742B25BC-869E-46FB-8AA9-2C7D72E5B540}.Debug|Any CPU.ActiveCfg = Debug|Any CPU
		{742B25BC-869E-46FB-8AA9-2C7D72E5B540}.Debug|Any CPU.Build.0 = Debug|Any CPU
		{742B25BC-869E-46FB-8AA9-2C7D72E5B540}.Debug|x86.ActiveCfg = Debug|Any CPU
		{742B25BC-869E-46FB-8AA9-2C7D72E5B540}.Debug|x86.Build.0 = Debug|Any CPU
		{742B25BC-869E-46FB-8AA9-2C7D72E5B540}.Release|Any CPU.ActiveCfg = Release|Any CPU
		{742B25BC-869E-46FB-8AA9-2C7D72E5B540}.Release|Any CPU.Build.0 = Release|Any CPU
		{742B25BC-869E-46FB-8AA9-2C7D72E5B540}.Release|x86.ActiveCfg = Release|Any CPU
		{742B25BC-869E-46FB-8AA9-2C7D72E5B540}.Release|x86.Build.0 = Release|Any CPU
		{BA2D545B-E8C9-4844-87BB-7DA133AB500F}.Debug|Any CPU.ActiveCfg = Debug|Any CPU
		{BA2D545B-E8C9-4844-87BB-7DA133AB500F}.Debug|Any CPU.Build.0 = Debug|Any CPU
		{BA2D545B-E8C9-4844-87BB-7DA133AB500F}.Debug|x86.ActiveCfg = Debug|Any CPU
		{BA2D545B-E8C9-4844-87BB-7DA133AB500F}.Debug|x86.Build.0 = Debug|Any CPU
		{BA2D545B-E8C9-4844-87BB-7DA133AB500F}.Release|Any CPU.ActiveCfg = Release|Any CPU
		{BA2D545B-E8C9-4844-87BB-7DA133AB500F}.Release|Any CPU.Build.0 = Release|Any CPU
		{BA2D545B-E8C9-4844-87BB-7DA133AB500F}.Release|x86.ActiveCfg = Release|Any CPU
		{BA2D545B-E8C9-4844-87BB-7DA133AB500F}.Release|x86.Build.0 = Release|Any CPU
		{623FDF8A-B678-42BB-961A-7B3944464ED1}.Debug|Any CPU.ActiveCfg = Debug|Any CPU
		{623FDF8A-B678-42BB-961A-7B3944464ED1}.Debug|Any CPU.Build.0 = Debug|Any CPU
		{623FDF8A-B678-42BB-961A-7B3944464ED1}.Debug|x86.ActiveCfg = Debug|Any CPU
		{623FDF8A-B678-42BB-961A-7B3944464ED1}.Debug|x86.Build.0 = Debug|Any CPU
		{623FDF8A-B678-42BB-961A-7B3944464ED1}.Release|Any CPU.ActiveCfg = Release|Any CPU
		{623FDF8A-B678-42BB-961A-7B3944464ED1}.Release|Any CPU.Build.0 = Release|Any CPU
		{623FDF8A-B678-42BB-961A-7B3944464ED1}.Release|x86.ActiveCfg = Release|Any CPU
		{623FDF8A-B678-42BB-961A-7B3944464ED1}.Release|x86.Build.0 = Release|Any CPU
		{7181847C-B997-45A5-9D0D-239127FBB875}.Debug|Any CPU.ActiveCfg = Debug|Any CPU
		{7181847C-B997-45A5-9D0D-239127FBB875}.Debug|Any CPU.Build.0 = Debug|Any CPU
		{7181847C-B997-45A5-9D0D-239127FBB875}.Debug|x86.ActiveCfg = Debug|Any CPU
		{7181847C-B997-45A5-9D0D-239127FBB875}.Debug|x86.Build.0 = Debug|Any CPU
		{7181847C-B997-45A5-9D0D-239127FBB875}.Release|Any CPU.ActiveCfg = Release|Any CPU
		{7181847C-B997-45A5-9D0D-239127FBB875}.Release|Any CPU.Build.0 = Release|Any CPU
		{7181847C-B997-45A5-9D0D-239127FBB875}.Release|x86.ActiveCfg = Release|Any CPU
		{7181847C-B997-45A5-9D0D-239127FBB875}.Release|x86.Build.0 = Release|Any CPU
		{CA72AA01-078A-4250-B213-3190E18FA5E3}.Debug|Any CPU.ActiveCfg = Debug|Any CPU
		{CA72AA01-078A-4250-B213-3190E18FA5E3}.Debug|Any CPU.Build.0 = Debug|Any CPU
		{CA72AA01-078A-4250-B213-3190E18FA5E3}.Debug|x86.ActiveCfg = Debug|Any CPU
		{CA72AA01-078A-4250-B213-3190E18FA5E3}.Debug|x86.Build.0 = Debug|Any CPU
		{CA72AA01-078A-4250-B213-3190E18FA5E3}.Release|Any CPU.ActiveCfg = Release|Any CPU
		{CA72AA01-078A-4250-B213-3190E18FA5E3}.Release|Any CPU.Build.0 = Release|Any CPU
		{CA72AA01-078A-4250-B213-3190E18FA5E3}.Release|x86.ActiveCfg = Release|Any CPU
		{CA72AA01-078A-4250-B213-3190E18FA5E3}.Release|x86.Build.0 = Release|Any CPU
		{A90BA30A-4070-4E5A-A015-D8523227DC4F}.Debug|Any CPU.ActiveCfg = Debug|Any CPU
		{A90BA30A-4070-4E5A-A015-D8523227DC4F}.Debug|Any CPU.Build.0 = Debug|Any CPU
		{A90BA30A-4070-4E5A-A015-D8523227DC4F}.Debug|x86.ActiveCfg = Debug|Any CPU
		{A90BA30A-4070-4E5A-A015-D8523227DC4F}.Debug|x86.Build.0 = Debug|Any CPU
		{A90BA30A-4070-4E5A-A015-D8523227DC4F}.Release|Any CPU.ActiveCfg = Release|Any CPU
		{A90BA30A-4070-4E5A-A015-D8523227DC4F}.Release|Any CPU.Build.0 = Release|Any CPU
		{A90BA30A-4070-4E5A-A015-D8523227DC4F}.Release|x86.ActiveCfg = Release|Any CPU
		{A90BA30A-4070-4E5A-A015-D8523227DC4F}.Release|x86.Build.0 = Release|Any CPU
		{3DE25503-BB9F-4F17-A3FE-67CD4AD32DB4}.Debug|Any CPU.ActiveCfg = Debug|Any CPU
		{3DE25503-BB9F-4F17-A3FE-67CD4AD32DB4}.Debug|Any CPU.Build.0 = Debug|Any CPU
		{3DE25503-BB9F-4F17-A3FE-67CD4AD32DB4}.Debug|x86.ActiveCfg = Debug|Any CPU
		{3DE25503-BB9F-4F17-A3FE-67CD4AD32DB4}.Debug|x86.Build.0 = Debug|Any CPU
		{3DE25503-BB9F-4F17-A3FE-67CD4AD32DB4}.Release|Any CPU.ActiveCfg = Release|Any CPU
		{3DE25503-BB9F-4F17-A3FE-67CD4AD32DB4}.Release|Any CPU.Build.0 = Release|Any CPU
		{3DE25503-BB9F-4F17-A3FE-67CD4AD32DB4}.Release|x86.ActiveCfg = Release|Any CPU
		{3DE25503-BB9F-4F17-A3FE-67CD4AD32DB4}.Release|x86.Build.0 = Release|Any CPU
		{4557246A-550C-42C5-B8FF-CEAE682AEFFA}.Debug|Any CPU.ActiveCfg = Debug|Any CPU
		{4557246A-550C-42C5-B8FF-CEAE682AEFFA}.Debug|Any CPU.Build.0 = Debug|Any CPU
		{4557246A-550C-42C5-B8FF-CEAE682AEFFA}.Debug|x86.ActiveCfg = Debug|Any CPU
		{4557246A-550C-42C5-B8FF-CEAE682AEFFA}.Debug|x86.Build.0 = Debug|Any CPU
		{4557246A-550C-42C5-B8FF-CEAE682AEFFA}.Release|Any CPU.ActiveCfg = Release|Any CPU
		{4557246A-550C-42C5-B8FF-CEAE682AEFFA}.Release|Any CPU.Build.0 = Release|Any CPU
		{4557246A-550C-42C5-B8FF-CEAE682AEFFA}.Release|x86.ActiveCfg = Release|Any CPU
		{4557246A-550C-42C5-B8FF-CEAE682AEFFA}.Release|x86.Build.0 = Release|Any CPU
		{AD1C2777-130E-484B-8D45-C68520AE6A00}.Debug|Any CPU.ActiveCfg = Debug|Any CPU
		{AD1C2777-130E-484B-8D45-C68520AE6A00}.Debug|Any CPU.Build.0 = Debug|Any CPU
		{AD1C2777-130E-484B-8D45-C68520AE6A00}.Debug|x86.ActiveCfg = Debug|Any CPU
		{AD1C2777-130E-484B-8D45-C68520AE6A00}.Debug|x86.Build.0 = Debug|Any CPU
		{AD1C2777-130E-484B-8D45-C68520AE6A00}.Release|Any CPU.ActiveCfg = Release|Any CPU
		{AD1C2777-130E-484B-8D45-C68520AE6A00}.Release|Any CPU.Build.0 = Release|Any CPU
		{AD1C2777-130E-484B-8D45-C68520AE6A00}.Release|x86.ActiveCfg = Release|Any CPU
		{AD1C2777-130E-484B-8D45-C68520AE6A00}.Release|x86.Build.0 = Release|Any CPU
		{E1EF472B-8CF0-4C37-A8E4-1B59D80D6C00}.Debug|Any CPU.ActiveCfg = Debug|Any CPU
		{E1EF472B-8CF0-4C37-A8E4-1B59D80D6C00}.Debug|Any CPU.Build.0 = Debug|Any CPU
		{E1EF472B-8CF0-4C37-A8E4-1B59D80D6C00}.Debug|x86.ActiveCfg = Debug|Any CPU
		{E1EF472B-8CF0-4C37-A8E4-1B59D80D6C00}.Debug|x86.Build.0 = Debug|Any CPU
		{E1EF472B-8CF0-4C37-A8E4-1B59D80D6C00}.Release|Any CPU.ActiveCfg = Release|Any CPU
		{E1EF472B-8CF0-4C37-A8E4-1B59D80D6C00}.Release|Any CPU.Build.0 = Release|Any CPU
		{E1EF472B-8CF0-4C37-A8E4-1B59D80D6C00}.Release|x86.ActiveCfg = Release|Any CPU
		{E1EF472B-8CF0-4C37-A8E4-1B59D80D6C00}.Release|x86.Build.0 = Release|Any CPU
		{3AA221BF-FA1B-4CB2-956C-D886FD37BB0D}.Debug|Any CPU.ActiveCfg = Debug|Any CPU
		{3AA221BF-FA1B-4CB2-956C-D886FD37BB0D}.Debug|Any CPU.Build.0 = Debug|Any CPU
		{3AA221BF-FA1B-4CB2-956C-D886FD37BB0D}.Debug|x86.ActiveCfg = Debug|Any CPU
		{3AA221BF-FA1B-4CB2-956C-D886FD37BB0D}.Debug|x86.Build.0 = Debug|Any CPU
		{3AA221BF-FA1B-4CB2-956C-D886FD37BB0D}.Release|Any CPU.ActiveCfg = Release|Any CPU
		{3AA221BF-FA1B-4CB2-956C-D886FD37BB0D}.Release|Any CPU.Build.0 = Release|Any CPU
		{3AA221BF-FA1B-4CB2-956C-D886FD37BB0D}.Release|x86.ActiveCfg = Release|Any CPU
		{3AA221BF-FA1B-4CB2-956C-D886FD37BB0D}.Release|x86.Build.0 = Release|Any CPU
		{8A0AADA0-4505-47CB-963B-452CACA3CAB7}.Debug|Any CPU.ActiveCfg = Debug|Any CPU
		{8A0AADA0-4505-47CB-963B-452CACA3CAB7}.Debug|Any CPU.Build.0 = Debug|Any CPU
		{8A0AADA0-4505-47CB-963B-452CACA3CAB7}.Debug|x86.ActiveCfg = Debug|Any CPU
		{8A0AADA0-4505-47CB-963B-452CACA3CAB7}.Debug|x86.Build.0 = Debug|Any CPU
		{8A0AADA0-4505-47CB-963B-452CACA3CAB7}.Release|Any CPU.ActiveCfg = Release|Any CPU
		{8A0AADA0-4505-47CB-963B-452CACA3CAB7}.Release|Any CPU.Build.0 = Release|Any CPU
		{8A0AADA0-4505-47CB-963B-452CACA3CAB7}.Release|x86.ActiveCfg = Release|Any CPU
		{8A0AADA0-4505-47CB-963B-452CACA3CAB7}.Release|x86.Build.0 = Release|Any CPU
		{87E1C43A-E714-4FDF-8F37-DED4D2C1CDB7}.Debug|Any CPU.ActiveCfg = Debug|Any CPU
		{87E1C43A-E714-4FDF-8F37-DED4D2C1CDB7}.Debug|Any CPU.Build.0 = Debug|Any CPU
		{87E1C43A-E714-4FDF-8F37-DED4D2C1CDB7}.Debug|x86.ActiveCfg = Debug|Any CPU
		{87E1C43A-E714-4FDF-8F37-DED4D2C1CDB7}.Debug|x86.Build.0 = Debug|Any CPU
		{87E1C43A-E714-4FDF-8F37-DED4D2C1CDB7}.Release|Any CPU.ActiveCfg = Release|Any CPU
		{87E1C43A-E714-4FDF-8F37-DED4D2C1CDB7}.Release|Any CPU.Build.0 = Release|Any CPU
		{87E1C43A-E714-4FDF-8F37-DED4D2C1CDB7}.Release|x86.ActiveCfg = Release|Any CPU
		{87E1C43A-E714-4FDF-8F37-DED4D2C1CDB7}.Release|x86.Build.0 = Release|Any CPU
		{7339F941-5E68-4E9F-9477-7D6C6D4D1D70}.Debug|Any CPU.ActiveCfg = Debug|Any CPU
		{7339F941-5E68-4E9F-9477-7D6C6D4D1D70}.Debug|Any CPU.Build.0 = Debug|Any CPU
		{7339F941-5E68-4E9F-9477-7D6C6D4D1D70}.Debug|x86.ActiveCfg = Debug|Any CPU
		{7339F941-5E68-4E9F-9477-7D6C6D4D1D70}.Debug|x86.Build.0 = Debug|Any CPU
		{7339F941-5E68-4E9F-9477-7D6C6D4D1D70}.Release|Any CPU.ActiveCfg = Release|Any CPU
		{7339F941-5E68-4E9F-9477-7D6C6D4D1D70}.Release|Any CPU.Build.0 = Release|Any CPU
		{7339F941-5E68-4E9F-9477-7D6C6D4D1D70}.Release|x86.ActiveCfg = Release|Any CPU
		{7339F941-5E68-4E9F-9477-7D6C6D4D1D70}.Release|x86.Build.0 = Release|Any CPU
		{54351B3D-932D-4E4D-BDD1-CF6E277DD6BD}.Debug|Any CPU.ActiveCfg = Debug|Any CPU
		{54351B3D-932D-4E4D-BDD1-CF6E277DD6BD}.Debug|Any CPU.Build.0 = Debug|Any CPU
		{54351B3D-932D-4E4D-BDD1-CF6E277DD6BD}.Debug|x86.ActiveCfg = Debug|Any CPU
		{54351B3D-932D-4E4D-BDD1-CF6E277DD6BD}.Debug|x86.Build.0 = Debug|Any CPU
		{54351B3D-932D-4E4D-BDD1-CF6E277DD6BD}.Release|Any CPU.ActiveCfg = Release|Any CPU
		{54351B3D-932D-4E4D-BDD1-CF6E277DD6BD}.Release|Any CPU.Build.0 = Release|Any CPU
		{54351B3D-932D-4E4D-BDD1-CF6E277DD6BD}.Release|x86.ActiveCfg = Release|Any CPU
		{54351B3D-932D-4E4D-BDD1-CF6E277DD6BD}.Release|x86.Build.0 = Release|Any CPU
		{4B961032-D6DB-491E-A4D2-C7FF520B3487}.Debug|Any CPU.ActiveCfg = Debug|Any CPU
		{4B961032-D6DB-491E-A4D2-C7FF520B3487}.Debug|Any CPU.Build.0 = Debug|Any CPU
		{4B961032-D6DB-491E-A4D2-C7FF520B3487}.Debug|x86.ActiveCfg = Debug|Any CPU
		{4B961032-D6DB-491E-A4D2-C7FF520B3487}.Debug|x86.Build.0 = Debug|Any CPU
		{4B961032-D6DB-491E-A4D2-C7FF520B3487}.Release|Any CPU.ActiveCfg = Release|Any CPU
		{4B961032-D6DB-491E-A4D2-C7FF520B3487}.Release|Any CPU.Build.0 = Release|Any CPU
		{4B961032-D6DB-491E-A4D2-C7FF520B3487}.Release|x86.ActiveCfg = Release|Any CPU
		{4B961032-D6DB-491E-A4D2-C7FF520B3487}.Release|x86.Build.0 = Release|Any CPU
		{E9A372F5-7234-4B69-9237-EB3EF739D35A}.Debug|Any CPU.ActiveCfg = Debug|Any CPU
		{E9A372F5-7234-4B69-9237-EB3EF739D35A}.Debug|Any CPU.Build.0 = Debug|Any CPU
		{E9A372F5-7234-4B69-9237-EB3EF739D35A}.Debug|x86.ActiveCfg = Debug|Any CPU
		{E9A372F5-7234-4B69-9237-EB3EF739D35A}.Debug|x86.Build.0 = Debug|Any CPU
		{E9A372F5-7234-4B69-9237-EB3EF739D35A}.Release|Any CPU.ActiveCfg = Release|Any CPU
		{E9A372F5-7234-4B69-9237-EB3EF739D35A}.Release|Any CPU.Build.0 = Release|Any CPU
		{E9A372F5-7234-4B69-9237-EB3EF739D35A}.Release|x86.ActiveCfg = Release|Any CPU
		{E9A372F5-7234-4B69-9237-EB3EF739D35A}.Release|x86.Build.0 = Release|Any CPU
		{03ADAD38-3239-45BC-ABAB-E142FB076404}.Debug|Any CPU.ActiveCfg = Debug|Any CPU
		{03ADAD38-3239-45BC-ABAB-E142FB076404}.Debug|Any CPU.Build.0 = Debug|Any CPU
		{03ADAD38-3239-45BC-ABAB-E142FB076404}.Debug|x86.ActiveCfg = Debug|Any CPU
		{03ADAD38-3239-45BC-ABAB-E142FB076404}.Debug|x86.Build.0 = Debug|Any CPU
		{03ADAD38-3239-45BC-ABAB-E142FB076404}.Release|Any CPU.ActiveCfg = Release|Any CPU
		{03ADAD38-3239-45BC-ABAB-E142FB076404}.Release|Any CPU.Build.0 = Release|Any CPU
		{03ADAD38-3239-45BC-ABAB-E142FB076404}.Release|x86.ActiveCfg = Release|Any CPU
		{03ADAD38-3239-45BC-ABAB-E142FB076404}.Release|x86.Build.0 = Release|Any CPU
		{71BD024F-03BA-489D-AD29-FE3C9DFA14E6}.Debug|Any CPU.ActiveCfg = Debug|Any CPU
		{71BD024F-03BA-489D-AD29-FE3C9DFA14E6}.Debug|Any CPU.Build.0 = Debug|Any CPU
		{71BD024F-03BA-489D-AD29-FE3C9DFA14E6}.Debug|x86.ActiveCfg = Debug|Any CPU
		{71BD024F-03BA-489D-AD29-FE3C9DFA14E6}.Debug|x86.Build.0 = Debug|Any CPU
		{71BD024F-03BA-489D-AD29-FE3C9DFA14E6}.Release|Any CPU.ActiveCfg = Release|Any CPU
		{71BD024F-03BA-489D-AD29-FE3C9DFA14E6}.Release|Any CPU.Build.0 = Release|Any CPU
		{71BD024F-03BA-489D-AD29-FE3C9DFA14E6}.Release|x86.ActiveCfg = Release|Any CPU
		{71BD024F-03BA-489D-AD29-FE3C9DFA14E6}.Release|x86.Build.0 = Release|Any CPU
		{4997E1FA-F2F5-4247-9FF8-77DBEE63097F}.Debug|Any CPU.ActiveCfg = Debug|Any CPU
		{4997E1FA-F2F5-4247-9FF8-77DBEE63097F}.Debug|Any CPU.Build.0 = Debug|Any CPU
		{4997E1FA-F2F5-4247-9FF8-77DBEE63097F}.Debug|x86.ActiveCfg = Debug|Any CPU
		{4997E1FA-F2F5-4247-9FF8-77DBEE63097F}.Debug|x86.Build.0 = Debug|Any CPU
		{4997E1FA-F2F5-4247-9FF8-77DBEE63097F}.Release|Any CPU.ActiveCfg = Release|Any CPU
		{4997E1FA-F2F5-4247-9FF8-77DBEE63097F}.Release|Any CPU.Build.0 = Release|Any CPU
		{4997E1FA-F2F5-4247-9FF8-77DBEE63097F}.Release|x86.ActiveCfg = Release|Any CPU
		{4997E1FA-F2F5-4247-9FF8-77DBEE63097F}.Release|x86.Build.0 = Release|Any CPU
		{46CC9337-930F-4BDE-9EB6-B665CB0D8AC9}.Debug|Any CPU.ActiveCfg = Debug|Any CPU
		{46CC9337-930F-4BDE-9EB6-B665CB0D8AC9}.Debug|Any CPU.Build.0 = Debug|Any CPU
		{46CC9337-930F-4BDE-9EB6-B665CB0D8AC9}.Debug|x86.ActiveCfg = Debug|Any CPU
		{46CC9337-930F-4BDE-9EB6-B665CB0D8AC9}.Debug|x86.Build.0 = Debug|Any CPU
		{46CC9337-930F-4BDE-9EB6-B665CB0D8AC9}.Release|Any CPU.ActiveCfg = Release|Any CPU
		{46CC9337-930F-4BDE-9EB6-B665CB0D8AC9}.Release|Any CPU.Build.0 = Release|Any CPU
		{46CC9337-930F-4BDE-9EB6-B665CB0D8AC9}.Release|x86.ActiveCfg = Release|Any CPU
		{46CC9337-930F-4BDE-9EB6-B665CB0D8AC9}.Release|x86.Build.0 = Release|Any CPU
		{ADB4809E-800D-4DAF-AEA6-1C800F939D77}.Debug|Any CPU.ActiveCfg = Debug|Any CPU
		{ADB4809E-800D-4DAF-AEA6-1C800F939D77}.Debug|Any CPU.Build.0 = Debug|Any CPU
		{ADB4809E-800D-4DAF-AEA6-1C800F939D77}.Debug|x86.ActiveCfg = Debug|Any CPU
		{ADB4809E-800D-4DAF-AEA6-1C800F939D77}.Debug|x86.Build.0 = Debug|Any CPU
		{ADB4809E-800D-4DAF-AEA6-1C800F939D77}.Release|Any CPU.ActiveCfg = Release|Any CPU
		{ADB4809E-800D-4DAF-AEA6-1C800F939D77}.Release|Any CPU.Build.0 = Release|Any CPU
		{ADB4809E-800D-4DAF-AEA6-1C800F939D77}.Release|x86.ActiveCfg = Release|Any CPU
		{ADB4809E-800D-4DAF-AEA6-1C800F939D77}.Release|x86.Build.0 = Release|Any CPU
		{BFC85FDC-C861-4877-94D2-EFF0C25AA71E}.Debug|Any CPU.ActiveCfg = Debug|x86
		{BFC85FDC-C861-4877-94D2-EFF0C25AA71E}.Debug|x86.ActiveCfg = Debug|x86
		{BFC85FDC-C861-4877-94D2-EFF0C25AA71E}.Debug|x86.Build.0 = Debug|x86
		{BFC85FDC-C861-4877-94D2-EFF0C25AA71E}.Release|Any CPU.ActiveCfg = Release|x86
		{BFC85FDC-C861-4877-94D2-EFF0C25AA71E}.Release|x86.ActiveCfg = Release|x86
		{BFC85FDC-C861-4877-94D2-EFF0C25AA71E}.Release|x86.Build.0 = Release|x86
		{7D7FE3AD-0D75-4BEE-8B43-CE35AAB64EB5}.Debug|Any CPU.ActiveCfg = Debug|Any CPU
		{7D7FE3AD-0D75-4BEE-8B43-CE35AAB64EB5}.Debug|Any CPU.Build.0 = Debug|Any CPU
		{7D7FE3AD-0D75-4BEE-8B43-CE35AAB64EB5}.Debug|x86.ActiveCfg = Debug|Any CPU
		{7D7FE3AD-0D75-4BEE-8B43-CE35AAB64EB5}.Debug|x86.Build.0 = Debug|Any CPU
		{7D7FE3AD-0D75-4BEE-8B43-CE35AAB64EB5}.Release|Any CPU.ActiveCfg = Release|Any CPU
		{7D7FE3AD-0D75-4BEE-8B43-CE35AAB64EB5}.Release|Any CPU.Build.0 = Release|Any CPU
		{7D7FE3AD-0D75-4BEE-8B43-CE35AAB64EB5}.Release|x86.ActiveCfg = Release|Any CPU
		{7D7FE3AD-0D75-4BEE-8B43-CE35AAB64EB5}.Release|x86.Build.0 = Release|Any CPU
		{13F98A4D-845F-4DC3-B1C1-4C02369DC655}.Debug|Any CPU.ActiveCfg = Debug|Any CPU
		{13F98A4D-845F-4DC3-B1C1-4C02369DC655}.Debug|Any CPU.Build.0 = Debug|Any CPU
		{13F98A4D-845F-4DC3-B1C1-4C02369DC655}.Debug|x86.ActiveCfg = Debug|Any CPU
		{13F98A4D-845F-4DC3-B1C1-4C02369DC655}.Debug|x86.Build.0 = Debug|Any CPU
		{13F98A4D-845F-4DC3-B1C1-4C02369DC655}.Release|Any CPU.ActiveCfg = Release|Any CPU
		{13F98A4D-845F-4DC3-B1C1-4C02369DC655}.Release|Any CPU.Build.0 = Release|Any CPU
		{13F98A4D-845F-4DC3-B1C1-4C02369DC655}.Release|x86.ActiveCfg = Release|Any CPU
		{13F98A4D-845F-4DC3-B1C1-4C02369DC655}.Release|x86.Build.0 = Release|Any CPU
		{023F2D09-A0E3-49F0-8CFB-FC88BBACAFC1}.Debug|Any CPU.ActiveCfg = Debug|Any CPU
		{023F2D09-A0E3-49F0-8CFB-FC88BBACAFC1}.Debug|Any CPU.Build.0 = Debug|Any CPU
		{023F2D09-A0E3-49F0-8CFB-FC88BBACAFC1}.Debug|x86.ActiveCfg = Debug|Any CPU
		{023F2D09-A0E3-49F0-8CFB-FC88BBACAFC1}.Debug|x86.Build.0 = Debug|Any CPU
		{023F2D09-A0E3-49F0-8CFB-FC88BBACAFC1}.Release|Any CPU.ActiveCfg = Release|Any CPU
		{023F2D09-A0E3-49F0-8CFB-FC88BBACAFC1}.Release|Any CPU.Build.0 = Release|Any CPU
		{023F2D09-A0E3-49F0-8CFB-FC88BBACAFC1}.Release|x86.ActiveCfg = Release|Any CPU
		{023F2D09-A0E3-49F0-8CFB-FC88BBACAFC1}.Release|x86.Build.0 = Release|Any CPU
	EndGlobalSection
	GlobalSection(SolutionProperties) = preSolution
		HideSolutionNode = FALSE
	EndGlobalSection
	GlobalSection(NestedProjects) = preSolution
		{1EB92A08-4B83-4F53-AE0A-739CB2B1E233} = {38DDD108-FACA-4D27-A050-49E1B2C93B09}
		{0F2BF32B-63BB-4AEF-9CEE-9E1DE4DA898E} = {38DDD108-FACA-4D27-A050-49E1B2C93B09}
		{AE51D438-B324-42D3-9FC3-6CA7A480C94B} = {38DDD108-FACA-4D27-A050-49E1B2C93B09}
		{3FEE3E52-3D71-4530-BBA5-FCFDC772A8E8} = {38DDD108-FACA-4D27-A050-49E1B2C93B09}
		{DCA04CEE-ED64-4D03-B41A-8BCD3ACB4C2F} = {1EB92A08-4B83-4F53-AE0A-739CB2B1E233}
		{BC2933F2-BD96-4F3D-A21B-332711BA0506} = {1EB92A08-4B83-4F53-AE0A-739CB2B1E233}
		{2331B10C-ACD0-4A8C-B800-EFF15157CDC4} = {63206A7C-B0C2-4EB7-8C4B-DBC357A17272}
		{742B25BC-869E-46FB-8AA9-2C7D72E5B540} = {63206A7C-B0C2-4EB7-8C4B-DBC357A17272}
		{BA2D545B-E8C9-4844-87BB-7DA133AB500F} = {A1AAF59B-FD07-4C92-9C71-280788438082}
		{623FDF8A-B678-42BB-961A-7B3944464ED1} = {63206A7C-B0C2-4EB7-8C4B-DBC357A17272}
		{7181847C-B997-45A5-9D0D-239127FBB875} = {0F2BF32B-63BB-4AEF-9CEE-9E1DE4DA898E}
		{CA72AA01-078A-4250-B213-3190E18FA5E3} = {0F2BF32B-63BB-4AEF-9CEE-9E1DE4DA898E}
		{A90BA30A-4070-4E5A-A015-D8523227DC4F} = {49EA5636-8E3D-47A6-9550-AC6135737BEE}
		{3DE25503-BB9F-4F17-A3FE-67CD4AD32DB4} = {3FEE3E52-3D71-4530-BBA5-FCFDC772A8E8}
		{4557246A-550C-42C5-B8FF-CEAE682AEFFA} = {3FEE3E52-3D71-4530-BBA5-FCFDC772A8E8}
		{AD1C2777-130E-484B-8D45-C68520AE6A00} = {38DDD108-FACA-4D27-A050-49E1B2C93B09}
		{E1EF472B-8CF0-4C37-A8E4-1B59D80D6C00} = {A1AAF59B-FD07-4C92-9C71-280788438082}
		{3AA221BF-FA1B-4CB2-956C-D886FD37BB0D} = {A1AAF59B-FD07-4C92-9C71-280788438082}
		{8A0AADA0-4505-47CB-963B-452CACA3CAB7} = {38DDD108-FACA-4D27-A050-49E1B2C93B09}
		{87E1C43A-E714-4FDF-8F37-DED4D2C1CDB7} = {A1AAF59B-FD07-4C92-9C71-280788438082}
		{7339F941-5E68-4E9F-9477-7D6C6D4D1D70} = {63206A7C-B0C2-4EB7-8C4B-DBC357A17272}
		{54351B3D-932D-4E4D-BDD1-CF6E277DD6BD} = {63206A7C-B0C2-4EB7-8C4B-DBC357A17272}
		{510AA11F-5E91-4AB2-B9ED-AE2FB556C67C} = {38DDD108-FACA-4D27-A050-49E1B2C93B09}
		{4B961032-D6DB-491E-A4D2-C7FF520B3487} = {AE51D438-B324-42D3-9FC3-6CA7A480C94B}
		{E9A372F5-7234-4B69-9237-EB3EF739D35A} = {510AA11F-5E91-4AB2-B9ED-AE2FB556C67C}
		{03ADAD38-3239-45BC-ABAB-E142FB076404} = {AE51D438-B324-42D3-9FC3-6CA7A480C94B}
		{71BD024F-03BA-489D-AD29-FE3C9DFA14E6} = {38DDD108-FACA-4D27-A050-49E1B2C93B09}
		{68248E67-227B-4D88-B183-A91057E234CC} = {A1AAF59B-FD07-4C92-9C71-280788438082}
		{4997E1FA-F2F5-4247-9FF8-77DBEE63097F} = {68248E67-227B-4D88-B183-A91057E234CC}
		{46CC9337-930F-4BDE-9EB6-B665CB0D8AC9} = {A1AAF59B-FD07-4C92-9C71-280788438082}
		{ADB4809E-800D-4DAF-AEA6-1C800F939D77} = {38DDD108-FACA-4D27-A050-49E1B2C93B09}
		{BFC85FDC-C861-4877-94D2-EFF0C25AA71E} = {63206A7C-B0C2-4EB7-8C4B-DBC357A17272}
		{7D7FE3AD-0D75-4BEE-8B43-CE35AAB64EB5} = {38DDD108-FACA-4D27-A050-49E1B2C93B09}
		{13F98A4D-845F-4DC3-B1C1-4C02369DC655} = {63206A7C-B0C2-4EB7-8C4B-DBC357A17272}
		{023F2D09-A0E3-49F0-8CFB-FC88BBACAFC1} = {38DDD108-FACA-4D27-A050-49E1B2C93B09}
	EndGlobalSection
	GlobalSection(ExtensibilityGlobals) = postSolution
		SolutionGuid = {3D068818-047A-4D13-B697-5CD788510A9A}
	EndGlobalSection
EndGlobal
